
Microsoft Visual Studio Solution File, Format Version 12.00
# Visual Studio Version 16
VisualStudioVersion = 16.0.31624.102
MinimumVisualStudioVersion = 10.0.40219.1
Project("{FAE04EC0-301F-11D3-BF4B-00C04F79EFBC}") = "MVCPalindrome", "MVCPalindrome.csproj", "{6623FDD5-5EC7-4D0E-AD4B-734692D2A50A}"
EndProject
Global
	GlobalSection(SolutionConfigurationPlatforms) = preSolution
		Debug|Any CPU = Debug|Any CPU
		Release|Any CPU = Release|Any CPU
	EndGlobalSection
	GlobalSection(ProjectConfigurationPlatforms) = postSolution
		{6623FDD5-5EC7-4D0E-AD4B-734692D2A50A}.Debug|Any CPU.ActiveCfg = Debug|Any CPU
		{6623FDD5-5EC7-4D0E-AD4B-734692D2A50A}.Debug|Any CPU.Build.0 = Debug|Any CPU
		{6623FDD5-5EC7-4D0E-AD4B-734692D2A50A}.Release|Any CPU.ActiveCfg = Release|Any CPU
		{6623FDD5-5EC7-4D0E-AD4B-734692D2A50A}.Release|Any CPU.Build.0 = Release|Any CPU
	EndGlobalSection
	GlobalSection(SolutionProperties) = preSolution
		HideSolutionNode = FALSE
	EndGlobalSection
	GlobalSection(ExtensibilityGlobals) = postSolution
		SolutionGuid = {C2D0BA59-FA7D-4288-B6A7-EC57350C4418}
	EndGlobalSection
EndGlobal
